# This file is automatically @generated by Cargo.
# It is not intended for manual editing.
version = 3

[[package]]
name = "aoc-workbench"
version = "0.1.0"
dependencies = [
 "common",
 "y2023-d01",
]

[[package]]
name = "common"
version = "0.1.0"

[[package]]
name = "y2023-d01"
version = "0.1.0"
dependencies = [
 "common",
]
